
Microsoft Visual Studio Solution File, Format Version 12.00
# Visual Studio Version 17
VisualStudioVersion = 17.3.32929.385
MinimumVisualStudioVersion = 10.0.40219.1
Project("{2150E333-8FDC-42A3-9474-1A3956D46DE8}") = "src", "src", "{62D3B49A-86AF-459B-BCE7-C12018450ECD}"
EndProject
Project("{2150E333-8FDC-42A3-9474-1A3956D46DE8}") = "Domain", "Domain", "{B7E9E625-29B7-43F9-AB6E-C884F58DF9E5}"
EndProject
Project("{9A19103F-16F7-4668-BE54-9A1E7A4F7556}") = "TTPA.Domain", "src\TTPA.Domain\TTPA.Domain.csproj", "{3789D9A8-857A-48A1-9AE7-E5E9E505367E}"
EndProject
Project("{2150E333-8FDC-42A3-9474-1A3956D46DE8}") = "Infra", "Infra", "{51EF41CD-CD32-47E9-9DD2-D37658C11F4B}"
EndProject
Project("{FAE04EC0-301F-11D3-BF4B-00C04F79EFBC}") = "TTPA.Infra.Data", "src\TTPA.Infra.Data\TTPA.Infra.Data.csproj", "{165772D6-2008-4B2B-922B-2F9E0453BBA0}"
EndProject
Project("{2150E333-8FDC-42A3-9474-1A3956D46DE8}") = "Service", "Service", "{FE2E556E-8E06-4D2F-951E-DBA6ADB14BBC}"
EndProject
Project("{FAE04EC0-301F-11D3-BF4B-00C04F79EFBC}") = "TTPA.Service", "src\TTPA.Service\TTPA.Service.csproj", "{5B928DC9-95F1-4199-B7C2-7AEC5323E256}"
EndProject
Project("{2150E333-8FDC-42A3-9474-1A3956D46DE8}") = "Core", "Core", "{ADA6561A-F98F-46C6-BAA0-030CAC91E7D1}"
EndProject
Project("{FAE04EC0-301F-11D3-BF4B-00C04F79EFBC}") = "TTPA.Core", "src\TTPA.Core\TTPA.Core.csproj", "{0DF67E6A-77ED-46E1-B456-5F6783CB263C}"
EndProject
Project("{2150E333-8FDC-42A3-9474-1A3956D46DE8}") = "Api", "Api", "{987D7D4E-2A67-4C78-91A0-DC81DCB7C926}"
EndProject
Project("{FAE04EC0-301F-11D3-BF4B-00C04F79EFBC}") = "TTPA.Api", "src\TTPA.Api\TTPA.Api.csproj", "{C481B2F1-BE52-426C-9F25-851AC03CC4F3}"
EndProject
Global
	GlobalSection(SolutionConfigurationPlatforms) = preSolution
		Debug|Any CPU = Debug|Any CPU
		Release|Any CPU = Release|Any CPU
	EndGlobalSection
	GlobalSection(ProjectConfigurationPlatforms) = postSolution
		{3789D9A8-857A-48A1-9AE7-E5E9E505367E}.Debug|Any CPU.ActiveCfg = Debug|Any CPU
		{3789D9A8-857A-48A1-9AE7-E5E9E505367E}.Debug|Any CPU.Build.0 = Debug|Any CPU
		{3789D9A8-857A-48A1-9AE7-E5E9E505367E}.Release|Any CPU.ActiveCfg = Release|Any CPU
		{3789D9A8-857A-48A1-9AE7-E5E9E505367E}.Release|Any CPU.Build.0 = Release|Any CPU
		{165772D6-2008-4B2B-922B-2F9E0453BBA0}.Debug|Any CPU.ActiveCfg = Debug|Any CPU
		{165772D6-2008-4B2B-922B-2F9E0453BBA0}.Debug|Any CPU.Build.0 = Debug|Any CPU
		{165772D6-2008-4B2B-922B-2F9E0453BBA0}.Release|Any CPU.ActiveCfg = Release|Any CPU
		{165772D6-2008-4B2B-922B-2F9E0453BBA0}.Release|Any CPU.Build.0 = Release|Any CPU
		{5B928DC9-95F1-4199-B7C2-7AEC5323E256}.Debug|Any CPU.ActiveCfg = Debug|Any CPU
		{5B928DC9-95F1-4199-B7C2-7AEC5323E256}.Debug|Any CPU.Build.0 = Debug|Any CPU
		{5B928DC9-95F1-4199-B7C2-7AEC5323E256}.Release|Any CPU.ActiveCfg = Release|Any CPU
		{5B928DC9-95F1-4199-B7C2-7AEC5323E256}.Release|Any CPU.Build.0 = Release|Any CPU
		{0DF67E6A-77ED-46E1-B456-5F6783CB263C}.Debug|Any CPU.ActiveCfg = Debug|Any CPU
		{0DF67E6A-77ED-46E1-B456-5F6783CB263C}.Debug|Any CPU.Build.0 = Debug|Any CPU
		{0DF67E6A-77ED-46E1-B456-5F6783CB263C}.Release|Any CPU.ActiveCfg = Release|Any CPU
		{0DF67E6A-77ED-46E1-B456-5F6783CB263C}.Release|Any CPU.Build.0 = Release|Any CPU
		{C481B2F1-BE52-426C-9F25-851AC03CC4F3}.Debug|Any CPU.ActiveCfg = Debug|Any CPU
		{C481B2F1-BE52-426C-9F25-851AC03CC4F3}.Debug|Any CPU.Build.0 = Debug|Any CPU
		{C481B2F1-BE52-426C-9F25-851AC03CC4F3}.Release|Any CPU.ActiveCfg = Release|Any CPU
		{C481B2F1-BE52-426C-9F25-851AC03CC4F3}.Release|Any CPU.Build.0 = Release|Any CPU
	EndGlobalSection
	GlobalSection(SolutionProperties) = preSolution
		HideSolutionNode = FALSE
	EndGlobalSection
	GlobalSection(NestedProjects) = preSolution
		{B7E9E625-29B7-43F9-AB6E-C884F58DF9E5} = {62D3B49A-86AF-459B-BCE7-C12018450ECD}
		{3789D9A8-857A-48A1-9AE7-E5E9E505367E} = {B7E9E625-29B7-43F9-AB6E-C884F58DF9E5}
		{51EF41CD-CD32-47E9-9DD2-D37658C11F4B} = {62D3B49A-86AF-459B-BCE7-C12018450ECD}
		{165772D6-2008-4B2B-922B-2F9E0453BBA0} = {51EF41CD-CD32-47E9-9DD2-D37658C11F4B}
		{FE2E556E-8E06-4D2F-951E-DBA6ADB14BBC} = {62D3B49A-86AF-459B-BCE7-C12018450ECD}
		{5B928DC9-95F1-4199-B7C2-7AEC5323E256} = {FE2E556E-8E06-4D2F-951E-DBA6ADB14BBC}
		{ADA6561A-F98F-46C6-BAA0-030CAC91E7D1} = {62D3B49A-86AF-459B-BCE7-C12018450ECD}
		{0DF67E6A-77ED-46E1-B456-5F6783CB263C} = {ADA6561A-F98F-46C6-BAA0-030CAC91E7D1}
		{987D7D4E-2A67-4C78-91A0-DC81DCB7C926} = {62D3B49A-86AF-459B-BCE7-C12018450ECD}
		{C481B2F1-BE52-426C-9F25-851AC03CC4F3} = {987D7D4E-2A67-4C78-91A0-DC81DCB7C926}
	EndGlobalSection
	GlobalSection(ExtensibilityGlobals) = postSolution
		SolutionGuid = {111A9A7C-30C3-4E95-99C1-360C57B779B1}
	EndGlobalSection
EndGlobal
