
Microsoft Visual Studio Solution File, Format Version 12.00
# Visual Studio Version 17
VisualStudioVersion = 17.3.32929.385
MinimumVisualStudioVersion = 10.0.40219.1
Project("{2150E333-8FDC-42A3-9474-1A3956D46DE8}") = "src", "src", "{62D3B49A-86AF-459B-BCE7-C12018450ECD}"
EndProject
Project("{2150E333-8FDC-42A3-9474-1A3956D46DE8}") = "Domain", "Domain", "{B7E9E625-29B7-43F9-AB6E-C884F58DF9E5}"
EndProject
Project("{2150E333-8FDC-42A3-9474-1A3956D46DE8}") = "Infra", "Infra", "{51EF41CD-CD32-47E9-9DD2-D37658C11F4B}"
EndProject
Project("{2150E333-8FDC-42A3-9474-1A3956D46DE8}") = "Application", "Application", "{FE2E556E-8E06-4D2F-951E-DBA6ADB14BBC}"
EndProject
Project("{2150E333-8FDC-42A3-9474-1A3956D46DE8}") = "Core", "Core", "{ADA6561A-F98F-46C6-BAA0-030CAC91E7D1}"
EndProject
Project("{2150E333-8FDC-42A3-9474-1A3956D46DE8}") = "Api", "Api", "{987D7D4E-2A67-4C78-91A0-DC81DCB7C926}"
EndProject
Project("{9A19103F-16F7-4668-BE54-9A1E7A4F7556}") = "TTPA.Api", "src\TTPA.Api\TTPA.Api.csproj", "{C481B2F1-BE52-426C-9F25-851AC03CC4F3}"
EndProject
Project("{2150E333-8FDC-42A3-9474-1A3956D46DE8}") = "testes", "testes", "{1635074D-601F-449B-9BDF-F9A46A3A69CA}"
EndProject
Project("{FAE04EC0-301F-11D3-BF4B-00C04F79EFBC}") = "TTPA.Test", "testes\TTPA.Test\TTPA.Test.csproj", "{CAB417C0-E71B-469A-8941-5AAE087A3DFB}"
EndProject
Project("{FAE04EC0-301F-11D3-BF4B-00C04F79EFBC}") = "TTPA.Domain", "src\TTPA.Domain\TTPA.Domain.csproj", "{87E2BB14-CBD3-47C9-9003-5A0F32FCD168}"
EndProject
Project("{FAE04EC0-301F-11D3-BF4B-00C04F79EFBC}") = "TTPA.Infra", "src\TTPA.Infra\TTPA.Infra.csproj", "{88DF0FE1-3EFE-4B2E-8394-62C6E735C1D4}"
EndProject
Project("{FAE04EC0-301F-11D3-BF4B-00C04F79EFBC}") = "TTPA.Core", "src\TTPA.Core\TTPA.Core.csproj", "{1ABE6F8F-0542-4A37-8115-9D12BD0E7075}"
EndProject
Project("{FAE04EC0-301F-11D3-BF4B-00C04F79EFBC}") = "TTPA.Application", "src\TTPA.Application\TTPA.Application.csproj", "{8A4B755C-631B-48B1-8752-9BB1DCBF0361}"
EndProject
Global
	GlobalSection(SolutionConfigurationPlatforms) = preSolution
		Debug|Any CPU = Debug|Any CPU
		Release|Any CPU = Release|Any CPU
	EndGlobalSection
	GlobalSection(ProjectConfigurationPlatforms) = postSolution
		{C481B2F1-BE52-426C-9F25-851AC03CC4F3}.Debug|Any CPU.ActiveCfg = Debug|Any CPU
		{C481B2F1-BE52-426C-9F25-851AC03CC4F3}.Debug|Any CPU.Build.0 = Debug|Any CPU
		{C481B2F1-BE52-426C-9F25-851AC03CC4F3}.Release|Any CPU.ActiveCfg = Release|Any CPU
		{C481B2F1-BE52-426C-9F25-851AC03CC4F3}.Release|Any CPU.Build.0 = Release|Any CPU
		{CAB417C0-E71B-469A-8941-5AAE087A3DFB}.Debug|Any CPU.ActiveCfg = Debug|Any CPU
		{CAB417C0-E71B-469A-8941-5AAE087A3DFB}.Debug|Any CPU.Build.0 = Debug|Any CPU
		{CAB417C0-E71B-469A-8941-5AAE087A3DFB}.Release|Any CPU.ActiveCfg = Release|Any CPU
		{CAB417C0-E71B-469A-8941-5AAE087A3DFB}.Release|Any CPU.Build.0 = Release|Any CPU
		{87E2BB14-CBD3-47C9-9003-5A0F32FCD168}.Debug|Any CPU.ActiveCfg = Debug|Any CPU
		{87E2BB14-CBD3-47C9-9003-5A0F32FCD168}.Debug|Any CPU.Build.0 = Debug|Any CPU
		{87E2BB14-CBD3-47C9-9003-5A0F32FCD168}.Release|Any CPU.ActiveCfg = Release|Any CPU
		{87E2BB14-CBD3-47C9-9003-5A0F32FCD168}.Release|Any CPU.Build.0 = Release|Any CPU
		{88DF0FE1-3EFE-4B2E-8394-62C6E735C1D4}.Debug|Any CPU.ActiveCfg = Debug|Any CPU
		{88DF0FE1-3EFE-4B2E-8394-62C6E735C1D4}.Debug|Any CPU.Build.0 = Debug|Any CPU
		{88DF0FE1-3EFE-4B2E-8394-62C6E735C1D4}.Release|Any CPU.ActiveCfg = Release|Any CPU
		{88DF0FE1-3EFE-4B2E-8394-62C6E735C1D4}.Release|Any CPU.Build.0 = Release|Any CPU
		{1ABE6F8F-0542-4A37-8115-9D12BD0E7075}.Debug|Any CPU.ActiveCfg = Debug|Any CPU
		{1ABE6F8F-0542-4A37-8115-9D12BD0E7075}.Debug|Any CPU.Build.0 = Debug|Any CPU
		{1ABE6F8F-0542-4A37-8115-9D12BD0E7075}.Release|Any CPU.ActiveCfg = Release|Any CPU
		{1ABE6F8F-0542-4A37-8115-9D12BD0E7075}.Release|Any CPU.Build.0 = Release|Any CPU
		{8A4B755C-631B-48B1-8752-9BB1DCBF0361}.Debug|Any CPU.ActiveCfg = Debug|Any CPU
		{8A4B755C-631B-48B1-8752-9BB1DCBF0361}.Debug|Any CPU.Build.0 = Debug|Any CPU
		{8A4B755C-631B-48B1-8752-9BB1DCBF0361}.Release|Any CPU.ActiveCfg = Release|Any CPU
		{8A4B755C-631B-48B1-8752-9BB1DCBF0361}.Release|Any CPU.Build.0 = Release|Any CPU
	EndGlobalSection
	GlobalSection(SolutionProperties) = preSolution
		HideSolutionNode = FALSE
	EndGlobalSection
	GlobalSection(NestedProjects) = preSolution
		{B7E9E625-29B7-43F9-AB6E-C884F58DF9E5} = {62D3B49A-86AF-459B-BCE7-C12018450ECD}
		{51EF41CD-CD32-47E9-9DD2-D37658C11F4B} = {62D3B49A-86AF-459B-BCE7-C12018450ECD}
		{FE2E556E-8E06-4D2F-951E-DBA6ADB14BBC} = {62D3B49A-86AF-459B-BCE7-C12018450ECD}
		{ADA6561A-F98F-46C6-BAA0-030CAC91E7D1} = {62D3B49A-86AF-459B-BCE7-C12018450ECD}
		{987D7D4E-2A67-4C78-91A0-DC81DCB7C926} = {62D3B49A-86AF-459B-BCE7-C12018450ECD}
		{C481B2F1-BE52-426C-9F25-851AC03CC4F3} = {987D7D4E-2A67-4C78-91A0-DC81DCB7C926}
		{CAB417C0-E71B-469A-8941-5AAE087A3DFB} = {1635074D-601F-449B-9BDF-F9A46A3A69CA}
		{87E2BB14-CBD3-47C9-9003-5A0F32FCD168} = {B7E9E625-29B7-43F9-AB6E-C884F58DF9E5}
		{88DF0FE1-3EFE-4B2E-8394-62C6E735C1D4} = {51EF41CD-CD32-47E9-9DD2-D37658C11F4B}
		{1ABE6F8F-0542-4A37-8115-9D12BD0E7075} = {ADA6561A-F98F-46C6-BAA0-030CAC91E7D1}
		{8A4B755C-631B-48B1-8752-9BB1DCBF0361} = {FE2E556E-8E06-4D2F-951E-DBA6ADB14BBC}
	EndGlobalSection
	GlobalSection(ExtensibilityGlobals) = postSolution
		SolutionGuid = {111A9A7C-30C3-4E95-99C1-360C57B779B1}
	EndGlobalSection
EndGlobal
